{
  "requires": true,
  "lockfileVersion": 1,
  "dependencies": {
    "@types/node": {
      "version": "11.9.6",
      "resolved": "https://registry.npmjs.org/@types/node/-/node-11.9.6.tgz",
      "integrity": "sha512-4hS2K4gwo9/aXIcoYxCtHpdgd8XUeDmo1siRCAH3RziXB65JlPqUFMtfy9VPj+og7dp3w1TFjGwYga4e0m9GwA=="
    }
  }
}
